
Microsoft Visual Studio Solution File, Format Version 12.00
# Visual Studio Version 17
VisualStudioVersion = 17.10.35013.160
MinimumVisualStudioVersion = 10.0.40219.1
Project("{FAE04EC0-301F-11D3-BF4B-00C04F79EFBC}") = "Sample", "Sample\Sample.csproj", "{3C2DC65A-9F0E-4955-9830-D6248B01B44F}"
EndProject
Global
	GlobalSection(SolutionConfigurationPlatforms) = preSolution
		Debug|Any CPU = Debug|Any CPU
		Release|Any CPU = Release|Any CPU
	EndGlobalSection
	GlobalSection(ProjectConfigurationPlatforms) = postSolution
		{3C2DC65A-9F0E-4955-9830-D6248B01B44F}.Debug|Any CPU.ActiveCfg = Debug|Any CPU
		{3C2DC65A-9F0E-4955-9830-D6248B01B44F}.Debug|Any CPU.Build.0 = Debug|Any CPU
		{3C2DC65A-9F0E-4955-9830-D6248B01B44F}.Release|Any CPU.ActiveCfg = Release|Any CPU
		{3C2DC65A-9F0E-4955-9830-D6248B01B44F}.Release|Any CPU.Build.0 = Release|Any CPU
	EndGlobalSection
	GlobalSection(SolutionProperties) = preSolution
		HideSolutionNode = FALSE
	EndGlobalSection
	GlobalSection(ExtensibilityGlobals) = postSolution
		SolutionGuid = {5DBB3027-D825-475C-BA8D-B1601DEB3140}
	EndGlobalSection
EndGlobal
